
Microsoft Visual Studio Solution File, Format Version 12.00
# Visual Studio 15
VisualStudioVersion = 15.0.27130.2010
MinimumVisualStudioVersion = 10.0.40219.1
Project("{FAE04EC0-301F-11D3-BF4B-00C04F79EFBC}") = "VisualSort", "VisualSort\VisualSort.csproj", "{C9DEC86C-658B-4283-83BD-12678E3B54CF}"
EndProject
Project("{2150E333-8FDC-42A3-9474-1A3956D46DE8}") = "Solution Items", "Solution Items", "{C498455A-EA32-448D-8A6F-9046D534728F}"
	ProjectSection(SolutionItems) = preProject
		ReadMe.md = ReadMe.md
	EndProjectSection
EndProject
Global
	GlobalSection(SolutionConfigurationPlatforms) = preSolution
		Debug|Any CPU = Debug|Any CPU
		Release|Any CPU = Release|Any CPU
	EndGlobalSection
	GlobalSection(ProjectConfigurationPlatforms) = postSolution
		{C9DEC86C-658B-4283-83BD-12678E3B54CF}.Debug|Any CPU.ActiveCfg = Debug|Any CPU
		{C9DEC86C-658B-4283-83BD-12678E3B54CF}.Debug|Any CPU.Build.0 = Debug|Any CPU
		{C9DEC86C-658B-4283-83BD-12678E3B54CF}.Release|Any CPU.ActiveCfg = Release|Any CPU
		{C9DEC86C-658B-4283-83BD-12678E3B54CF}.Release|Any CPU.Build.0 = Release|Any CPU
	EndGlobalSection
	GlobalSection(SolutionProperties) = preSolution
		HideSolutionNode = FALSE
	EndGlobalSection
	GlobalSection(ExtensibilityGlobals) = postSolution
		SolutionGuid = {8019633C-7118-4F2F-BE35-A63134EF3F15}
	EndGlobalSection
EndGlobal
